
Microsoft Visual Studio Solution File, Format Version 12.00
# Visual Studio Version 17
VisualStudioVersion = 17.5.33516.290
MinimumVisualStudioVersion = 10.0.40219.1
Project("{FAE04EC0-301F-11D3-BF4B-00C04F79EFBC}") = "ODataAPI", "ODataAPI.csproj", "{7527F8AF-A240-4435-B7B3-874BC2D51179}"
EndProject
Global
	GlobalSection(SolutionConfigurationPlatforms) = preSolution
		Debug|Any CPU = Debug|Any CPU
		Release|Any CPU = Release|Any CPU
	EndGlobalSection
	GlobalSection(ProjectConfigurationPlatforms) = postSolution
		{7527F8AF-A240-4435-B7B3-874BC2D51179}.Debug|Any CPU.ActiveCfg = Debug|Any CPU
		{7527F8AF-A240-4435-B7B3-874BC2D51179}.Debug|Any CPU.Build.0 = Debug|Any CPU
		{7527F8AF-A240-4435-B7B3-874BC2D51179}.Release|Any CPU.ActiveCfg = Release|Any CPU
		{7527F8AF-A240-4435-B7B3-874BC2D51179}.Release|Any CPU.Build.0 = Release|Any CPU
	EndGlobalSection
	GlobalSection(SolutionProperties) = preSolution
		HideSolutionNode = FALSE
	EndGlobalSection
	GlobalSection(ExtensibilityGlobals) = postSolution
		SolutionGuid = {BAE334FA-71B4-4A8F-89E8-3BD994E0860E}
	EndGlobalSection
EndGlobal
